
Microsoft Visual Studio Solution File, Format Version 12.00
# Visual Studio Version 17
VisualStudioVersion = 17.3.32819.101
MinimumVisualStudioVersion = 10.0.40219.1
Project("{9A19103F-16F7-4668-BE54-9A1E7A4F7556}") = "WebApiPessoa", "WebApiPessoa.csproj", "{E582AEFE-EF90-4471-B4FC-AC2A3A623AB6}"
EndProject
Project("{FAE04EC0-301F-11D3-BF4B-00C04F79EFBC}") = "WebApiPessoaApplication", "..\WebApiPessoaApplication\WebApiPessoaApplication.csproj", "{12588D03-E529-443E-B04C-CC557CECC0EE}"
EndProject
Project("{FAE04EC0-301F-11D3-BF4B-00C04F79EFBC}") = "WebApiPessoa.Repository", "..\WebApiPessoa.Repository\WebApiPessoa.Repository.csproj", "{361889FE-B709-444E-BE5F-2168B3B3F693}"
EndProject
Global
	GlobalSection(SolutionConfigurationPlatforms) = preSolution
		Debug|Any CPU = Debug|Any CPU
		Release|Any CPU = Release|Any CPU
	EndGlobalSection
	GlobalSection(ProjectConfigurationPlatforms) = postSolution
		{E582AEFE-EF90-4471-B4FC-AC2A3A623AB6}.Debug|Any CPU.ActiveCfg = Debug|Any CPU
		{E582AEFE-EF90-4471-B4FC-AC2A3A623AB6}.Debug|Any CPU.Build.0 = Debug|Any CPU
		{E582AEFE-EF90-4471-B4FC-AC2A3A623AB6}.Release|Any CPU.ActiveCfg = Release|Any CPU
		{E582AEFE-EF90-4471-B4FC-AC2A3A623AB6}.Release|Any CPU.Build.0 = Release|Any CPU
		{12588D03-E529-443E-B04C-CC557CECC0EE}.Debug|Any CPU.ActiveCfg = Debug|Any CPU
		{12588D03-E529-443E-B04C-CC557CECC0EE}.Debug|Any CPU.Build.0 = Debug|Any CPU
		{12588D03-E529-443E-B04C-CC557CECC0EE}.Release|Any CPU.ActiveCfg = Release|Any CPU
		{12588D03-E529-443E-B04C-CC557CECC0EE}.Release|Any CPU.Build.0 = Release|Any CPU
		{361889FE-B709-444E-BE5F-2168B3B3F693}.Debug|Any CPU.ActiveCfg = Debug|Any CPU
		{361889FE-B709-444E-BE5F-2168B3B3F693}.Debug|Any CPU.Build.0 = Debug|Any CPU
		{361889FE-B709-444E-BE5F-2168B3B3F693}.Release|Any CPU.ActiveCfg = Release|Any CPU
		{361889FE-B709-444E-BE5F-2168B3B3F693}.Release|Any CPU.Build.0 = Release|Any CPU
	EndGlobalSection
	GlobalSection(SolutionProperties) = preSolution
		HideSolutionNode = FALSE
	EndGlobalSection
	GlobalSection(ExtensibilityGlobals) = postSolution
		SolutionGuid = {BBF4635C-B14E-44B0-A033-1CD932965159}
	EndGlobalSection
EndGlobal
